
Microsoft Visual Studio Solution File, Format Version 12.00
# Visual Studio Version 17
VisualStudioVersion = 17.12.35728.132
MinimumVisualStudioVersion = 10.0.40219.1
Project("{2150E333-8FDC-42A3-9474-1A3956D46DE8}") = "src", "src", "{731EB6EA-82C8-4EF3-B39C-3AAB59A072EC}"
EndProject
Project("{FAE04EC0-301F-11D3-BF4B-00C04F79EFBC}") = "Application", "src\Application\Application.csproj", "{8C24F417-941C-4459-820A-B6938EA5300B}"
EndProject
Project("{FAE04EC0-301F-11D3-BF4B-00C04F79EFBC}") = "Domain", "src\Domain\Domain.csproj", "{D9DF4457-FAEC-4218-A1AF-06A1D7C5CDFF}"
EndProject
Project("{FAE04EC0-301F-11D3-BF4B-00C04F79EFBC}") = "Infrastructure", "src\Infrastructure\Infrastructure.csproj", "{926DE8BA-B78D-4493-824D-C1383C2DFD46}"
EndProject
Project("{2150E333-8FDC-42A3-9474-1A3956D46DE8}") = "tests", "tests", "{1D87385E-FAEE-4831-B57A-E220CE1B9909}"
EndProject
Project("{FAE04EC0-301F-11D3-BF4B-00C04F79EFBC}") = "Tests", "tests\Tests\Tests.csproj", "{543D3D1F-750E-4008-9C5A-B7849688AADD}"
EndProject
Project("{FAE04EC0-301F-11D3-BF4B-00C04F79EFBC}") = "Api", "src\Api\Api.csproj", "{DEA13B88-67B2-4B4E-9BDF-8D2B8A2F298A}"
EndProject
Project("{2150E333-8FDC-42A3-9474-1A3956D46DE8}") = "external", "external", "{EE8CA119-6F8B-43DB-BD76-FF3CF58BB367}"
	ProjectSection(SolutionItems) = preProject
		docker-compose.yml = docker-compose.yml
	EndProjectSection
EndProject
Global
	GlobalSection(SolutionConfigurationPlatforms) = preSolution
		Debug|Any CPU = Debug|Any CPU
		Debug|x64 = Debug|x64
		Debug|x86 = Debug|x86
		Release|Any CPU = Release|Any CPU
		Release|x64 = Release|x64
		Release|x86 = Release|x86
	EndGlobalSection
	GlobalSection(ProjectConfigurationPlatforms) = postSolution
		{8C24F417-941C-4459-820A-B6938EA5300B}.Debug|Any CPU.ActiveCfg = Debug|Any CPU
		{8C24F417-941C-4459-820A-B6938EA5300B}.Debug|Any CPU.Build.0 = Debug|Any CPU
		{8C24F417-941C-4459-820A-B6938EA5300B}.Debug|x64.ActiveCfg = Debug|Any CPU
		{8C24F417-941C-4459-820A-B6938EA5300B}.Debug|x64.Build.0 = Debug|Any CPU
		{8C24F417-941C-4459-820A-B6938EA5300B}.Debug|x86.ActiveCfg = Debug|Any CPU
		{8C24F417-941C-4459-820A-B6938EA5300B}.Debug|x86.Build.0 = Debug|Any CPU
		{8C24F417-941C-4459-820A-B6938EA5300B}.Release|Any CPU.ActiveCfg = Release|Any CPU
		{8C24F417-941C-4459-820A-B6938EA5300B}.Release|Any CPU.Build.0 = Release|Any CPU
		{8C24F417-941C-4459-820A-B6938EA5300B}.Release|x64.ActiveCfg = Release|Any CPU
		{8C24F417-941C-4459-820A-B6938EA5300B}.Release|x64.Build.0 = Release|Any CPU
		{8C24F417-941C-4459-820A-B6938EA5300B}.Release|x86.ActiveCfg = Release|Any CPU
		{8C24F417-941C-4459-820A-B6938EA5300B}.Release|x86.Build.0 = Release|Any CPU
		{D9DF4457-FAEC-4218-A1AF-06A1D7C5CDFF}.Debug|Any CPU.ActiveCfg = Debug|Any CPU
		{D9DF4457-FAEC-4218-A1AF-06A1D7C5CDFF}.Debug|Any CPU.Build.0 = Debug|Any CPU
		{D9DF4457-FAEC-4218-A1AF-06A1D7C5CDFF}.Debug|x64.ActiveCfg = Debug|Any CPU
		{D9DF4457-FAEC-4218-A1AF-06A1D7C5CDFF}.Debug|x64.Build.0 = Debug|Any CPU
		{D9DF4457-FAEC-4218-A1AF-06A1D7C5CDFF}.Debug|x86.ActiveCfg = Debug|Any CPU
		{D9DF4457-FAEC-4218-A1AF-06A1D7C5CDFF}.Debug|x86.Build.0 = Debug|Any CPU
		{D9DF4457-FAEC-4218-A1AF-06A1D7C5CDFF}.Release|Any CPU.ActiveCfg = Release|Any CPU
		{D9DF4457-FAEC-4218-A1AF-06A1D7C5CDFF}.Release|Any CPU.Build.0 = Release|Any CPU
		{D9DF4457-FAEC-4218-A1AF-06A1D7C5CDFF}.Release|x64.ActiveCfg = Release|Any CPU
		{D9DF4457-FAEC-4218-A1AF-06A1D7C5CDFF}.Release|x64.Build.0 = Release|Any CPU
		{D9DF4457-FAEC-4218-A1AF-06A1D7C5CDFF}.Release|x86.ActiveCfg = Release|Any CPU
		{D9DF4457-FAEC-4218-A1AF-06A1D7C5CDFF}.Release|x86.Build.0 = Release|Any CPU
		{926DE8BA-B78D-4493-824D-C1383C2DFD46}.Debug|Any CPU.ActiveCfg = Debug|Any CPU
		{926DE8BA-B78D-4493-824D-C1383C2DFD46}.Debug|Any CPU.Build.0 = Debug|Any CPU
		{926DE8BA-B78D-4493-824D-C1383C2DFD46}.Debug|x64.ActiveCfg = Debug|Any CPU
		{926DE8BA-B78D-4493-824D-C1383C2DFD46}.Debug|x64.Build.0 = Debug|Any CPU
		{926DE8BA-B78D-4493-824D-C1383C2DFD46}.Debug|x86.ActiveCfg = Debug|Any CPU
		{926DE8BA-B78D-4493-824D-C1383C2DFD46}.Debug|x86.Build.0 = Debug|Any CPU
		{926DE8BA-B78D-4493-824D-C1383C2DFD46}.Release|Any CPU.ActiveCfg = Release|Any CPU
		{926DE8BA-B78D-4493-824D-C1383C2DFD46}.Release|Any CPU.Build.0 = Release|Any CPU
		{926DE8BA-B78D-4493-824D-C1383C2DFD46}.Release|x64.ActiveCfg = Release|Any CPU
		{926DE8BA-B78D-4493-824D-C1383C2DFD46}.Release|x64.Build.0 = Release|Any CPU
		{926DE8BA-B78D-4493-824D-C1383C2DFD46}.Release|x86.ActiveCfg = Release|Any CPU
		{926DE8BA-B78D-4493-824D-C1383C2DFD46}.Release|x86.Build.0 = Release|Any CPU
		{543D3D1F-750E-4008-9C5A-B7849688AADD}.Debug|Any CPU.ActiveCfg = Debug|Any CPU
		{543D3D1F-750E-4008-9C5A-B7849688AADD}.Debug|Any CPU.Build.0 = Debug|Any CPU
		{543D3D1F-750E-4008-9C5A-B7849688AADD}.Debug|x64.ActiveCfg = Debug|Any CPU
		{543D3D1F-750E-4008-9C5A-B7849688AADD}.Debug|x64.Build.0 = Debug|Any CPU
		{543D3D1F-750E-4008-9C5A-B7849688AADD}.Debug|x86.ActiveCfg = Debug|Any CPU
		{543D3D1F-750E-4008-9C5A-B7849688AADD}.Debug|x86.Build.0 = Debug|Any CPU
		{543D3D1F-750E-4008-9C5A-B7849688AADD}.Release|Any CPU.ActiveCfg = Release|Any CPU
		{543D3D1F-750E-4008-9C5A-B7849688AADD}.Release|Any CPU.Build.0 = Release|Any CPU
		{543D3D1F-750E-4008-9C5A-B7849688AADD}.Release|x64.ActiveCfg = Release|Any CPU
		{543D3D1F-750E-4008-9C5A-B7849688AADD}.Release|x64.Build.0 = Release|Any CPU
		{543D3D1F-750E-4008-9C5A-B7849688AADD}.Release|x86.ActiveCfg = Release|Any CPU
		{543D3D1F-750E-4008-9C5A-B7849688AADD}.Release|x86.Build.0 = Release|Any CPU
		{DEA13B88-67B2-4B4E-9BDF-8D2B8A2F298A}.Debug|Any CPU.ActiveCfg = Debug|Any CPU
		{DEA13B88-67B2-4B4E-9BDF-8D2B8A2F298A}.Debug|Any CPU.Build.0 = Debug|Any CPU
		{DEA13B88-67B2-4B4E-9BDF-8D2B8A2F298A}.Debug|x64.ActiveCfg = Debug|Any CPU
		{DEA13B88-67B2-4B4E-9BDF-8D2B8A2F298A}.Debug|x64.Build.0 = Debug|Any CPU
		{DEA13B88-67B2-4B4E-9BDF-8D2B8A2F298A}.Debug|x86.ActiveCfg = Debug|Any CPU
		{DEA13B88-67B2-4B4E-9BDF-8D2B8A2F298A}.Debug|x86.Build.0 = Debug|Any CPU
		{DEA13B88-67B2-4B4E-9BDF-8D2B8A2F298A}.Release|Any CPU.ActiveCfg = Release|Any CPU
		{DEA13B88-67B2-4B4E-9BDF-8D2B8A2F298A}.Release|Any CPU.Build.0 = Release|Any CPU
		{DEA13B88-67B2-4B4E-9BDF-8D2B8A2F298A}.Release|x64.ActiveCfg = Release|Any CPU
		{DEA13B88-67B2-4B4E-9BDF-8D2B8A2F298A}.Release|x64.Build.0 = Release|Any CPU
		{DEA13B88-67B2-4B4E-9BDF-8D2B8A2F298A}.Release|x86.ActiveCfg = Release|Any CPU
		{DEA13B88-67B2-4B4E-9BDF-8D2B8A2F298A}.Release|x86.Build.0 = Release|Any CPU
	EndGlobalSection
	GlobalSection(SolutionProperties) = preSolution
		HideSolutionNode = FALSE
	EndGlobalSection
	GlobalSection(NestedProjects) = preSolution
		{8C24F417-941C-4459-820A-B6938EA5300B} = {731EB6EA-82C8-4EF3-B39C-3AAB59A072EC}
		{D9DF4457-FAEC-4218-A1AF-06A1D7C5CDFF} = {731EB6EA-82C8-4EF3-B39C-3AAB59A072EC}
		{926DE8BA-B78D-4493-824D-C1383C2DFD46} = {731EB6EA-82C8-4EF3-B39C-3AAB59A072EC}
		{543D3D1F-750E-4008-9C5A-B7849688AADD} = {1D87385E-FAEE-4831-B57A-E220CE1B9909}
		{DEA13B88-67B2-4B4E-9BDF-8D2B8A2F298A} = {731EB6EA-82C8-4EF3-B39C-3AAB59A072EC}
	EndGlobalSection
EndGlobal
